
Microsoft Visual Studio Solution File, Format Version 12.00
# Visual Studio 15
VisualStudioVersion = 15.0.28307.902
MinimumVisualStudioVersion = 10.0.40219.1
Project("{FAE04EC0-301F-11D3-BF4B-00C04F79EFBC}") = "CorreiosWebApi.RestApi", "CorreiosWebApi.RestApi\CorreiosWebApi.RestApi.csproj", "{9A433F55-42A8-4118-AD07-735C10F5BF7A}"
EndProject
Project("{FAE04EC0-301F-11D3-BF4B-00C04F79EFBC}") = "CorreiosWebApi.Crawler", "CorreiosWebApi.Crawler\CorreiosWebApi.Crawler.csproj", "{9A688359-43BA-469D-95F4-B0318DF7F036}"
EndProject
Project("{FAE04EC0-301F-11D3-BF4B-00C04F79EFBC}") = "CorreiosWebApi.Tests", "CorreiosWebApi.Tests\CorreiosWebApi.Tests.csproj", "{EF4D3F79-3582-40B7-A5F1-39E8C68BBDBF}"
EndProject
Global
	GlobalSection(SolutionConfigurationPlatforms) = preSolution
		Debug|Any CPU = Debug|Any CPU
		Release|Any CPU = Release|Any CPU
	EndGlobalSection
	GlobalSection(ProjectConfigurationPlatforms) = postSolution
		{9A433F55-42A8-4118-AD07-735C10F5BF7A}.Debug|Any CPU.ActiveCfg = Debug|Any CPU
		{9A433F55-42A8-4118-AD07-735C10F5BF7A}.Debug|Any CPU.Build.0 = Debug|Any CPU
		{9A433F55-42A8-4118-AD07-735C10F5BF7A}.Release|Any CPU.ActiveCfg = Release|Any CPU
		{9A433F55-42A8-4118-AD07-735C10F5BF7A}.Release|Any CPU.Build.0 = Release|Any CPU
		{9A688359-43BA-469D-95F4-B0318DF7F036}.Debug|Any CPU.ActiveCfg = Debug|Any CPU
		{9A688359-43BA-469D-95F4-B0318DF7F036}.Debug|Any CPU.Build.0 = Debug|Any CPU
		{9A688359-43BA-469D-95F4-B0318DF7F036}.Release|Any CPU.ActiveCfg = Release|Any CPU
		{9A688359-43BA-469D-95F4-B0318DF7F036}.Release|Any CPU.Build.0 = Release|Any CPU
		{EF4D3F79-3582-40B7-A5F1-39E8C68BBDBF}.Debug|Any CPU.ActiveCfg = Debug|Any CPU
		{EF4D3F79-3582-40B7-A5F1-39E8C68BBDBF}.Debug|Any CPU.Build.0 = Debug|Any CPU
		{EF4D3F79-3582-40B7-A5F1-39E8C68BBDBF}.Release|Any CPU.ActiveCfg = Release|Any CPU
		{EF4D3F79-3582-40B7-A5F1-39E8C68BBDBF}.Release|Any CPU.Build.0 = Release|Any CPU
	EndGlobalSection
	GlobalSection(SolutionProperties) = preSolution
		HideSolutionNode = FALSE
	EndGlobalSection
	GlobalSection(ExtensibilityGlobals) = postSolution
		SolutionGuid = {E4178C1B-3FAF-46B3-836F-BF1F0D6EE12E}
	EndGlobalSection
EndGlobal
